
Microsoft Visual Studio Solution File, Format Version 12.00
# Visual Studio 15
VisualStudioVersion = 15.0.27428.2015
MinimumVisualStudioVersion = 10.0.40219.1
Project("{9A19103F-16F7-4668-BE54-9A1E7A4F7556}") = "LineBotSample", "src\LineBotSample\LineBotSample.csproj", "{A0832BD5-93AA-430D-98BB-943161E48FA3}"
EndProject
Project("{E53339B2-1760-4266-BCC7-CA923CBCF16C}") = "docker-compose", "docker-compose.dcproj", "{A96F16C5-C338-4DE4-AAFA-085FBF825EA1}"
EndProject
Project("{2150E333-8FDC-42A3-9474-1A3956D46DE8}") = "Documentation", "Documentation", "{F3E23267-4A28-47F9-B94C-3B4512BDF821}"
	ProjectSection(SolutionItems) = preProject
		Readme.md = Readme.md
	EndProjectSection
EndProject
Global
	GlobalSection(SolutionConfigurationPlatforms) = preSolution
		Debug|Any CPU = Debug|Any CPU
		Release|Any CPU = Release|Any CPU
	EndGlobalSection
	GlobalSection(ProjectConfigurationPlatforms) = postSolution
		{A0832BD5-93AA-430D-98BB-943161E48FA3}.Debug|Any CPU.ActiveCfg = Debug|Any CPU
		{A0832BD5-93AA-430D-98BB-943161E48FA3}.Debug|Any CPU.Build.0 = Debug|Any CPU
		{A0832BD5-93AA-430D-98BB-943161E48FA3}.Release|Any CPU.ActiveCfg = Release|Any CPU
		{A0832BD5-93AA-430D-98BB-943161E48FA3}.Release|Any CPU.Build.0 = Release|Any CPU
		{A96F16C5-C338-4DE4-AAFA-085FBF825EA1}.Debug|Any CPU.ActiveCfg = Debug|Any CPU
		{A96F16C5-C338-4DE4-AAFA-085FBF825EA1}.Debug|Any CPU.Build.0 = Debug|Any CPU
		{A96F16C5-C338-4DE4-AAFA-085FBF825EA1}.Release|Any CPU.ActiveCfg = Release|Any CPU
		{A96F16C5-C338-4DE4-AAFA-085FBF825EA1}.Release|Any CPU.Build.0 = Release|Any CPU
	EndGlobalSection
	GlobalSection(SolutionProperties) = preSolution
		HideSolutionNode = FALSE
	EndGlobalSection
	GlobalSection(ExtensibilityGlobals) = postSolution
		SolutionGuid = {C0022084-1828-4360-BB58-7E5FD77D8411}
	EndGlobalSection
EndGlobal
